
Microsoft Visual Studio Solution File, Format Version 12.00
# Visual Studio Version 16
VisualStudioVersion = 16.0.30204.135
MinimumVisualStudioVersion = 10.0.40219.1
Project("{FAE04EC0-301F-11D3-BF4B-00C04F79EFBC}") = "RPDemoApp", "RPDemoApp\RPDemoApp.csproj", "{C5B4CDFA-069C-400B-BEFE-6E5222DA076D}"
EndProject
Global
	GlobalSection(SolutionConfigurationPlatforms) = preSolution
		Debug|Any CPU = Debug|Any CPU
		Release|Any CPU = Release|Any CPU
	EndGlobalSection
	GlobalSection(ProjectConfigurationPlatforms) = postSolution
		{C5B4CDFA-069C-400B-BEFE-6E5222DA076D}.Debug|Any CPU.ActiveCfg = Debug|Any CPU
		{C5B4CDFA-069C-400B-BEFE-6E5222DA076D}.Debug|Any CPU.Build.0 = Debug|Any CPU
		{C5B4CDFA-069C-400B-BEFE-6E5222DA076D}.Release|Any CPU.ActiveCfg = Release|Any CPU
		{C5B4CDFA-069C-400B-BEFE-6E5222DA076D}.Release|Any CPU.Build.0 = Release|Any CPU
	EndGlobalSection
	GlobalSection(SolutionProperties) = preSolution
		HideSolutionNode = FALSE
	EndGlobalSection
	GlobalSection(ExtensibilityGlobals) = postSolution
		SolutionGuid = {A35AD3EA-8A72-42A5-9237-C19578A1D499}
	EndGlobalSection
EndGlobal
